
Microsoft Visual Studio Solution File, Format Version 12.00
# Visual Studio 15
VisualStudioVersion = 15.0.28307.1000
MinimumVisualStudioVersion = 10.0.40219.1
Project("{FAE04EC0-301F-11D3-BF4B-00C04F79EFBC}") = "ConsoleApp5", "ConsoleApp5\ConsoleApp5.csproj", "{70056A8D-1679-4144-B20A-4937D723D121}"
EndProject
Global
	GlobalSection(SolutionConfigurationPlatforms) = preSolution
		Debug|Any CPU = Debug|Any CPU
		Release|Any CPU = Release|Any CPU
	EndGlobalSection
	GlobalSection(ProjectConfigurationPlatforms) = postSolution
		{70056A8D-1679-4144-B20A-4937D723D121}.Debug|Any CPU.ActiveCfg = Debug|Any CPU
		{70056A8D-1679-4144-B20A-4937D723D121}.Debug|Any CPU.Build.0 = Debug|Any CPU
		{70056A8D-1679-4144-B20A-4937D723D121}.Release|Any CPU.ActiveCfg = Release|Any CPU
		{70056A8D-1679-4144-B20A-4937D723D121}.Release|Any CPU.Build.0 = Release|Any CPU
	EndGlobalSection
	GlobalSection(SolutionProperties) = preSolution
		HideSolutionNode = FALSE
	EndGlobalSection
	GlobalSection(ExtensibilityGlobals) = postSolution
		SolutionGuid = {5C3761DE-B60A-46D9-93B7-800E19ABF99B}
	EndGlobalSection
EndGlobal
